
Microsoft Visual Studio Solution File, Format Version 12.00
# Visual Studio Version 16
VisualStudioVersion = 16.0.31613.86
MinimumVisualStudioVersion = 10.0.40219.1
Project("{9A19103F-16F7-4668-BE54-9A1E7A4F7556}") = "NetworkController", "NetworkController\NetworkController.csproj", "{9EFDA04D-068F-4C36-9183-DD4B6A6F577C}"
EndProject
Project("{FAE04EC0-301F-11D3-BF4B-00C04F79EFBC}") = "NetworkTestHelper", "NetworkTestHelper\NetworkTestHelper.csproj", "{88684366-B222-407F-A4C6-39D8DA42BB49}"
EndProject
Project("{FAE04EC0-301F-11D3-BF4B-00C04F79EFBC}") = "Ps7Tests", "Ps7Tests\Ps7Tests.csproj", "{97F0539D-BBEE-4ED1-8F6E-2E36A613BC9D}"
EndProject
Global
	GlobalSection(SolutionConfigurationPlatforms) = preSolution
		Debug|Any CPU = Debug|Any CPU
		Release|Any CPU = Release|Any CPU
	EndGlobalSection
	GlobalSection(ProjectConfigurationPlatforms) = postSolution
		{9EFDA04D-068F-4C36-9183-DD4B6A6F577C}.Debug|Any CPU.ActiveCfg = Debug|Any CPU
		{9EFDA04D-068F-4C36-9183-DD4B6A6F577C}.Debug|Any CPU.Build.0 = Debug|Any CPU
		{9EFDA04D-068F-4C36-9183-DD4B6A6F577C}.Release|Any CPU.ActiveCfg = Release|Any CPU
		{9EFDA04D-068F-4C36-9183-DD4B6A6F577C}.Release|Any CPU.Build.0 = Release|Any CPU
		{88684366-B222-407F-A4C6-39D8DA42BB49}.Debug|Any CPU.ActiveCfg = Debug|Any CPU
		{88684366-B222-407F-A4C6-39D8DA42BB49}.Debug|Any CPU.Build.0 = Debug|Any CPU
		{88684366-B222-407F-A4C6-39D8DA42BB49}.Release|Any CPU.ActiveCfg = Release|Any CPU
		{88684366-B222-407F-A4C6-39D8DA42BB49}.Release|Any CPU.Build.0 = Release|Any CPU
		{97F0539D-BBEE-4ED1-8F6E-2E36A613BC9D}.Debug|Any CPU.ActiveCfg = Debug|Any CPU
		{97F0539D-BBEE-4ED1-8F6E-2E36A613BC9D}.Debug|Any CPU.Build.0 = Debug|Any CPU
		{97F0539D-BBEE-4ED1-8F6E-2E36A613BC9D}.Release|Any CPU.ActiveCfg = Release|Any CPU
		{97F0539D-BBEE-4ED1-8F6E-2E36A613BC9D}.Release|Any CPU.Build.0 = Release|Any CPU
	EndGlobalSection
	GlobalSection(SolutionProperties) = preSolution
		HideSolutionNode = FALSE
	EndGlobalSection
	GlobalSection(ExtensibilityGlobals) = postSolution
		SolutionGuid = {28484686-2ACF-48EA-BEE4-032B0FF9FEE7}
	EndGlobalSection
EndGlobal
